<Solution>
  <Folder Name="/Solution Items/">
    <File Path="AudioWavFileConcept.md" />
    <File Path="PythonControlStatements.md" />
    <File Path="PythonObjects.md" />
    <File Path="PythonWavFileCreateChart.md" />
    <File Path="PythonWavProcesser.md" />
    <File Path="README.md" />
  </Folder>
  <Project Path="PurePythonWav/PurePythonWav.pyproj" Type="888888a0-9f3d-457c-b088-3a5042f75d52" Id="c0441d29-b03f-4854-9f47-39837454508c">
    <Build Project="false" />
  </Project>
</Solution>
