<Solution>
  <Folder Name="/GuiStudy/">
    <File Path="symbolic_math_gui.md" />
  </Folder>
  <Folder Name="/Solution Items/">
    <File Path="canvas_wave_sample_gui_study.md" />
    <File Path="extract_metadata_study.md" />
    <File Path="filesystem_formatting_ bytearrays_study.md" />
    <File Path="module_design_structure_study.md" />
    <File Path="PythonWavProcesser.md" />
    <File Path="README.md" />
    <File Path="threading_async_study.md" />
    <File Path="try_catch_block.md" />
    <File Path="wavfile_datastructure_study.md" />
    <File Path="wav_player_zoom_chart.md" />
    <File Path="wav_play_open_wavfiles.md" />
  </Folder>
  <Project Path="PurePythonWav/PurePythonWav.pyproj" Type="888888a0-9f3d-457c-b088-3a5042f75d52" Id="c0441d29-b03f-4854-9f47-39837454508c">
    <Build Project="false" />
  </Project>
</Solution>
